// !$*UTF8*$!
{
	archiveVersion = 1;
	classes = {
	};
	objectVersion = 56;
	objects = {

/* Begin PBXBuildFile section */
		0C10A3712D46AFD7001C50B8 /* AddJournalEntry.swift in Sources */ = {isa = PBXBuildFile; fileRef = 0C10A3702D46AFD7001C50B8 /* AddJournalEntry.swift */; };
		0C5792D72D4D9F3A00DB774D /* EditGoalForm.swift in Sources */ = {isa = PBXBuildFile; fileRef = 0C5792D62D4D9F3A00DB774D /* EditGoalForm.swift */; };
		0C5792D92D4DA08700DB774D /* Goal.swift in Sources */ = {isa = PBXBuildFile; fileRef = 0C5792D82D4DA08700DB774D /* Goal.swift */; };
		0C5792E02D4DA68800DB774D /* EditHabitForm.swift in Sources */ = {isa = PBXBuildFile; fileRef = 0C5792DC2D4DA68800DB774D /* EditHabitForm.swift */; };
		0C5792E12D4DA68800DB774D /* HabitsListView.swift in Sources */ = {isa = PBXBuildFile; fileRef = 0C5792DD2D4DA68800DB774D /* HabitsListView.swift */; };
		0C5792E22D4DA68800DB774D /* Habit.swift in Sources */ = {isa = PBXBuildFile; fileRef = 0C5792DE2D4DA68800DB774D /* Habit.swift */; };
		0C5792E32D4DA68800DB774D /* HabitDetailView.swift in Sources */ = {isa = PBXBuildFile; fileRef = 0C5792DF2D4DA68800DB774D /* HabitDetailView.swift */; };
		0C5792E52D4DA93400DB774D /* AddHabitForm.swift in Sources */ = {isa = PBXBuildFile; fileRef = 0C5792E42D4DA93400DB774D /* AddHabitForm.swift */; };
		0C5792E72D4FDEBB00DB774D /* JournalEntry.swift in Sources */ = {isa = PBXBuildFile; fileRef = 0C5792E62D4FDEBB00DB774D /* JournalEntry.swift */; };
		0C8485D32D8650CC003B1D34 /* DayView.swift in Sources */ = {isa = PBXBuildFile; fileRef = 0C8485D22D8650CC003B1D34 /* DayView.swift */; };
		0C8485D52D8652BF003B1D34 /* EditJournalEntryView.swift in Sources */ = {isa = PBXBuildFile; fileRef = 0C8485D42D8652BF003B1D34 /* EditJournalEntryView.swift */; };
		0C8485DB2D8659B3003B1D34 /* FilterMenu.swift in Sources */ = {isa = PBXBuildFile; fileRef = 0C8485DA2D8659B3003B1D34 /* FilterMenu.swift */; };
		0C8485E62D94EF65003B1D34 /* CalendarSectionView.swift in Sources */ = {isa = PBXBuildFile; fileRef = 0C8485E22D94EF65003B1D34 /* CalendarSectionView.swift */; };
		0C8485E72D94EF65003B1D34 /* JournalEntriesListView.swift in Sources */ = {isa = PBXBuildFile; fileRef = 0C8485E32D94EF65003B1D34 /* JournalEntriesListView.swift */; };
		0C8485E82D94EF65003B1D34 /* StatisticsSectionView.swift in Sources */ = {isa = PBXBuildFile; fileRef = 0C8485E42D94EF65003B1D34 /* StatisticsSectionView.swift */; };
		0C8485EB2D94F00C003B1D34 /* WeekGridView.swift in Sources */ = {isa = PBXBuildFile; fileRef = 0C8485EA2D94F00C003B1D34 /* WeekGridView.swift */; };
		0C8485EC2D94F00C003B1D34 /* CalendarGridView.swift in Sources */ = {isa = PBXBuildFile; fileRef = 0C8485E92D94F00C003B1D34 /* CalendarGridView.swift */; };
		0C97179A2DBBE70D0072B569 /* StatisticsDetailView.swift in Sources */ = {isa = PBXBuildFile; fileRef = 0C9717972DBBE70D0072B569 /* StatisticsDetailView.swift */; };
		0C97179B2DBBE70D0072B569 /* StatisticsListView.swift in Sources */ = {isa = PBXBuildFile; fileRef = 0C9717982DBBE70D0072B569 /* StatisticsListView.swift */; };
		0C97179F2DBBEBF30072B569 /* YearGridView.swift in Sources */ = {isa = PBXBuildFile; fileRef = 0C97179E2DBBEBF30072B569 /* YearGridView.swift */; };
		0C9717A22DBC41E60072B569 /* GoalHabitRelation.swift in Sources */ = {isa = PBXBuildFile; fileRef = 0C9717A02DBC41E60072B569 /* GoalHabitRelation.swift */; };
		0CBEFF1E2D45A4B600AB1028 /* CalendarViewModel.swift in Sources */ = {isa = PBXBuildFile; fileRef = 0CBEFF1D2D45A4B600AB1028 /* CalendarViewModel.swift */; };
		0CBEFF202D45A55E00AB1028 /* GoalsListView.swift in Sources */ = {isa = PBXBuildFile; fileRef = 0CBEFF1F2D45A55E00AB1028 /* GoalsListView.swift */; };
		0CBEFF222D45A5AF00AB1028 /* GoalDetailView.swift in Sources */ = {isa = PBXBuildFile; fileRef = 0CBEFF212D45A5AF00AB1028 /* GoalDetailView.swift */; };
		0CBEFF242D45A5F200AB1028 /* AddGoalForm.swift in Sources */ = {isa = PBXBuildFile; fileRef = 0CBEFF232D45A5F200AB1028 /* AddGoalForm.swift */; };
		0CBEFF262D45A62900AB1028 /* CalendarView.swift in Sources */ = {isa = PBXBuildFile; fileRef = 0CBEFF252D45A62900AB1028 /* CalendarView.swift */; };
		0CFFC8502D1B81F700C8F272 /* GoalsApp.swift in Sources */ = {isa = PBXBuildFile; fileRef = 0CFFC84F2D1B81F700C8F272 /* GoalsApp.swift */; };
		0CFFC8522D1B81F700C8F272 /* ContentView.swift in Sources */ = {isa = PBXBuildFile; fileRef = 0CFFC8512D1B81F700C8F272 /* ContentView.swift */; };
		0CFFC8542D1B81F700C8F272 /* Item.swift in Sources */ = {isa = PBXBuildFile; fileRef = 0CFFC8532D1B81F700C8F272 /* Item.swift */; };
		0CFFC8562D1B81FB00C8F272 /* Assets.xcassets in Resources */ = {isa = PBXBuildFile; fileRef = 0CFFC8552D1B81FB00C8F272 /* Assets.xcassets */; };
		0CFFC8592D1B81FB00C8F272 /* Preview Assets.xcassets in Resources */ = {isa = PBXBuildFile; fileRef = 0CFFC8582D1B81FB00C8F272 /* Preview Assets.xcassets */; };
/* End PBXBuildFile section */

/* Begin PBXFileReference section */
		0C10A3702D46AFD7001C50B8 /* AddJournalEntry.swift */ = {isa = PBXFileReference; fileEncoding = 4; lastKnownFileType = sourcecode.swift; path = AddJournalEntry.swift; sourceTree = "<group>"; };
		0C5792C62D48414F00DB774D /* GoalsApp.app */ = {isa = PBXFileReference; explicitFileType = wrapper.application; includeInIndex = 0; path = GoalsApp.app; sourceTree = BUILT_PRODUCTS_DIR; };
		0C5792D62D4D9F3A00DB774D /* EditGoalForm.swift */ = {isa = PBXFileReference; fileEncoding = 4; lastKnownFileType = sourcecode.swift; path = EditGoalForm.swift; sourceTree = "<group>"; };
		0C5792D82D4DA08700DB774D /* Goal.swift */ = {isa = PBXFileReference; fileEncoding = 4; lastKnownFileType = sourcecode.swift; path = Goal.swift; sourceTree = "<group>"; };
		0C5792DC2D4DA68800DB774D /* EditHabitForm.swift */ = {isa = PBXFileReference; fileEncoding = 4; lastKnownFileType = sourcecode.swift; path = EditHabitForm.swift; sourceTree = "<group>"; };
		0C5792DD2D4DA68800DB774D /* HabitsListView.swift */ = {isa = PBXFileReference; fileEncoding = 4; lastKnownFileType = sourcecode.swift; path = HabitsListView.swift; sourceTree = "<group>"; };
		0C5792DE2D4DA68800DB774D /* Habit.swift */ = {isa = PBXFileReference; fileEncoding = 4; lastKnownFileType = sourcecode.swift; path = Habit.swift; sourceTree = "<group>"; };
		0C5792DF2D4DA68800DB774D /* HabitDetailView.swift */ = {isa = PBXFileReference; fileEncoding = 4; lastKnownFileType = sourcecode.swift; path = HabitDetailView.swift; sourceTree = "<group>"; };
		0C5792E42D4DA93400DB774D /* AddHabitForm.swift */ = {isa = PBXFileReference; fileEncoding = 4; lastKnownFileType = sourcecode.swift; path = AddHabitForm.swift; sourceTree = "<group>"; };
		0C5792E62D4FDEBB00DB774D /* JournalEntry.swift */ = {isa = PBXFileReference; fileEncoding = 4; lastKnownFileType = sourcecode.swift; path = JournalEntry.swift; sourceTree = "<group>"; };
		0C8485D22D8650CC003B1D34 /* DayView.swift */ = {isa = PBXFileReference; lastKnownFileType = sourcecode.swift; path = DayView.swift; sourceTree = "<group>"; };
		0C8485D42D8652BF003B1D34 /* EditJournalEntryView.swift */ = {isa = PBXFileReference; lastKnownFileType = sourcecode.swift; path = EditJournalEntryView.swift; sourceTree = "<group>"; };
		0C8485DA2D8659B3003B1D34 /* FilterMenu.swift */ = {isa = PBXFileReference; lastKnownFileType = sourcecode.swift; path = FilterMenu.swift; sourceTree = "<group>"; };
		0C8485E22D94EF65003B1D34 /* CalendarSectionView.swift */ = {isa = PBXFileReference; lastKnownFileType = sourcecode.swift; path = CalendarSectionView.swift; sourceTree = "<group>"; };
		0C8485E32D94EF65003B1D34 /* JournalEntriesListView.swift */ = {isa = PBXFileReference; lastKnownFileType = sourcecode.swift; path = JournalEntriesListView.swift; sourceTree = "<group>"; };
		0C8485E42D94EF65003B1D34 /* StatisticsSectionView.swift */ = {isa = PBXFileReference; lastKnownFileType = sourcecode.swift; path = StatisticsSectionView.swift; sourceTree = "<group>"; };
		0C8485E92D94F00C003B1D34 /* CalendarGridView.swift */ = {isa = PBXFileReference; lastKnownFileType = sourcecode.swift; path = CalendarGridView.swift; sourceTree = "<group>"; };
		0C8485EA2D94F00C003B1D34 /* WeekGridView.swift */ = {isa = PBXFileReference; lastKnownFileType = sourcecode.swift; path = WeekGridView.swift; sourceTree = "<group>"; };
		0C9717972DBBE70D0072B569 /* StatisticsDetailView.swift */ = {isa = PBXFileReference; lastKnownFileType = sourcecode.swift; path = StatisticsDetailView.swift; sourceTree = "<group>"; };
		0C9717982DBBE70D0072B569 /* StatisticsListView.swift */ = {isa = PBXFileReference; lastKnownFileType = sourcecode.swift; path = StatisticsListView.swift; sourceTree = "<group>"; };
		0C97179E2DBBEBF30072B569 /* YearGridView.swift */ = {isa = PBXFileReference; lastKnownFileType = sourcecode.swift; path = YearGridView.swift; sourceTree = "<group>"; };
		0C9717A02DBC41E60072B569 /* GoalHabitRelation.swift */ = {isa = PBXFileReference; lastKnownFileType = sourcecode.swift; path = GoalHabitRelation.swift; sourceTree = "<group>"; };
		0CBEFF1D2D45A4B600AB1028 /* CalendarViewModel.swift */ = {isa = PBXFileReference; lastKnownFileType = sourcecode.swift; path = CalendarViewModel.swift; sourceTree = "<group>"; };
		0CBEFF1F2D45A55E00AB1028 /* GoalsListView.swift */ = {isa = PBXFileReference; lastKnownFileType = sourcecode.swift; path = GoalsListView.swift; sourceTree = "<group>"; };
		0CBEFF212D45A5AF00AB1028 /* GoalDetailView.swift */ = {isa = PBXFileReference; lastKnownFileType = sourcecode.swift; path = GoalDetailView.swift; sourceTree = "<group>"; };
		0CBEFF232D45A5F200AB1028 /* AddGoalForm.swift */ = {isa = PBXFileReference; lastKnownFileType = sourcecode.swift; path = AddGoalForm.swift; sourceTree = "<group>"; };
		0CBEFF252D45A62900AB1028 /* CalendarView.swift */ = {isa = PBXFileReference; lastKnownFileType = sourcecode.swift; path = CalendarView.swift; sourceTree = "<group>"; };
		0CFFC84C2D1B81F700C8F272 /* Goals.app */ = {isa = PBXFileReference; explicitFileType = wrapper.application; includeInIndex = 0; path = Goals.app; sourceTree = BUILT_PRODUCTS_DIR; };
		0CFFC84F2D1B81F700C8F272 /* GoalsApp.swift */ = {isa = PBXFileReference; lastKnownFileType = sourcecode.swift; path = GoalsApp.swift; sourceTree = "<group>"; };
		0CFFC8512D1B81F700C8F272 /* ContentView.swift */ = {isa = PBXFileReference; lastKnownFileType = sourcecode.swift; path = ContentView.swift; sourceTree = "<group>"; };
		0CFFC8532D1B81F700C8F272 /* Item.swift */ = {isa = PBXFileReference; lastKnownFileType = sourcecode.swift; path = Item.swift; sourceTree = "<group>"; };
		0CFFC8552D1B81FB00C8F272 /* Assets.xcassets */ = {isa = PBXFileReference; lastKnownFileType = folder.assetcatalog; path = Assets.xcassets; sourceTree = "<group>"; };
		0CFFC8582D1B81FB00C8F272 /* Preview Assets.xcassets */ = {isa = PBXFileReference; lastKnownFileType = folder.assetcatalog; path = "Preview Assets.xcassets"; sourceTree = "<group>"; };
/* End PBXFileReference section */

/* Begin PBXFrameworksBuildPhase section */
		0C5792C32D48414F00DB774D /* Frameworks */ = {
			isa = PBXFrameworksBuildPhase;
			buildActionMask = 2147483647;
			files = (
			);
			runOnlyForDeploymentPostprocessing = 0;
		};
		0CFFC8492D1B81F700C8F272 /* Frameworks */ = {
			isa = PBXFrameworksBuildPhase;
			buildActionMask = 2147483647;
			files = (
			);
			runOnlyForDeploymentPostprocessing = 0;
		};
/* End PBXFrameworksBuildPhase section */

/* Begin PBXGroup section */
		0C8485E52D94EF65003B1D34 /* Components */ = {
			isa = PBXGroup;
			children = (
				0C97179E2DBBEBF30072B569 /* YearGridView.swift */,
				0C8485E92D94F00C003B1D34 /* CalendarGridView.swift */,
				0C8485EA2D94F00C003B1D34 /* WeekGridView.swift */,
				0C8485E22D94EF65003B1D34 /* CalendarSectionView.swift */,
				0C8485E32D94EF65003B1D34 /* JournalEntriesListView.swift */,
				0C8485E42D94EF65003B1D34 /* StatisticsSectionView.swift */,
			);
			path = Components;
			sourceTree = "<group>";
		};
		0C9717992DBBE70D0072B569 /* Views */ = {
			isa = PBXGroup;
			children = (
				0C9717972DBBE70D0072B569 /* StatisticsDetailView.swift */,
				0C9717982DBBE70D0072B569 /* StatisticsListView.swift */,
			);
			path = Views;
			sourceTree = "<group>";
		};
		0C9717A12DBC41E60072B569 /* Models */ = {
			isa = PBXGroup;
			children = (
				0C9717A02DBC41E60072B569 /* GoalHabitRelation.swift */,
			);
			path = Models;
			sourceTree = "<group>";
		};
		0CFFC8432D1B81F700C8F272 = {
			isa = PBXGroup;
			children = (
				0CFFC84E2D1B81F700C8F272 /* Goals */,
				0CFFC84D2D1B81F700C8F272 /* Products */,
			);
			sourceTree = "<group>";
		};
		0CFFC84D2D1B81F700C8F272 /* Products */ = {
			isa = PBXGroup;
			children = (
				0CFFC84C2D1B81F700C8F272 /* Goals.app */,
				0C5792C62D48414F00DB774D /* GoalsApp.app */,
			);
			name = Products;
			sourceTree = "<group>";
		};
		0CFFC84E2D1B81F700C8F272 /* Goals */ = {
			isa = PBXGroup;
			children = (
				0C9717A12DBC41E60072B569 /* Models */,
				0C9717992DBBE70D0072B569 /* Views */,
				0C8485E52D94EF65003B1D34 /* Components */,
				0C8485DA2D8659B3003B1D34 /* FilterMenu.swift */,
				0C8485D42D8652BF003B1D34 /* EditJournalEntryView.swift */,
				0C8485D22D8650CC003B1D34 /* DayView.swift */,
				0C5792E62D4FDEBB00DB774D /* JournalEntry.swift */,
				0C5792E42D4DA93400DB774D /* AddHabitForm.swift */,
				0C5792DC2D4DA68800DB774D /* EditHabitForm.swift */,
				0C5792DE2D4DA68800DB774D /* Habit.swift */,
				0C5792DF2D4DA68800DB774D /* HabitDetailView.swift */,
				0C5792DD2D4DA68800DB774D /* HabitsListView.swift */,
				0C5792D82D4DA08700DB774D /* Goal.swift */,
				0C5792D62D4D9F3A00DB774D /* EditGoalForm.swift */,
				0C10A3702D46AFD7001C50B8 /* AddJournalEntry.swift */,
				0CBEFF1D2D45A4B600AB1028 /* CalendarViewModel.swift */,
				0CFFC84F2D1B81F700C8F272 /* GoalsApp.swift */,
				0CFFC8512D1B81F700C8F272 /* ContentView.swift */,
				0CFFC8532D1B81F700C8F272 /* Item.swift */,
				0CBEFF1F2D45A55E00AB1028 /* GoalsListView.swift */,
				0CBEFF212D45A5AF00AB1028 /* GoalDetailView.swift */,
				0CBEFF232D45A5F200AB1028 /* AddGoalForm.swift */,
				0CBEFF252D45A62900AB1028 /* CalendarView.swift */,
				0CFFC8552D1B81FB00C8F272 /* Assets.xcassets */,
				0CFFC8572D1B81FB00C8F272 /* Preview Content */,
			);
			path = Goals;
			sourceTree = "<group>";
		};
		0CFFC8572D1B81FB00C8F272 /* Preview Content */ = {
			isa = PBXGroup;
			children = (
				0CFFC8582D1B81FB00C8F272 /* Preview Assets.xcassets */,
			);
			path = "Preview Content";
			sourceTree = "<group>";
		};
/* End PBXGroup section */

/* Begin PBXNativeTarget section */
		0C5792C52D48414F00DB774D /* GoalsApp */ = {
			isa = PBXNativeTarget;
			buildConfigurationList = 0C5792D52D48415000DB774D /* Build configuration list for PBXNativeTarget "GoalsApp" */;
			buildPhases = (
				0C5792C22D48414F00DB774D /* Sources */,
				0C5792C32D48414F00DB774D /* Frameworks */,
				0C5792C42D48414F00DB774D /* Resources */,
			);
			buildRules = (
			);
			dependencies = (
			);
			name = GoalsApp;
			productName = GoalsApp;
			productReference = 0C5792C62D48414F00DB774D /* GoalsApp.app */;
			productType = "com.apple.product-type.application";
		};
		0CFFC84B2D1B81F700C8F272 /* Goals */ = {
			isa = PBXNativeTarget;
			buildConfigurationList = 0CFFC85C2D1B81FB00C8F272 /* Build configuration list for PBXNativeTarget "Goals" */;
			buildPhases = (
				0CFFC8482D1B81F700C8F272 /* Sources */,
				0CFFC8492D1B81F700C8F272 /* Frameworks */,
				0CFFC84A2D1B81F700C8F272 /* Resources */,
			);
			buildRules = (
			);
			dependencies = (
			);
			name = Goals;
			productName = Goals;
			productReference = 0CFFC84C2D1B81F700C8F272 /* Goals.app */;
			productType = "com.apple.product-type.application";
		};
/* End PBXNativeTarget section */

/* Begin PBXProject section */
		0CFFC8442D1B81F700C8F272 /* Project object */ = {
			isa = PBXProject;
			attributes = {
				BuildIndependentTargetsInParallel = 1;
				LastSwiftUpdateCheck = 1530;
				LastUpgradeCheck = 1530;
				TargetAttributes = {
					0C5792C52D48414F00DB774D = {
						CreatedOnToolsVersion = 15.3;
					};
					0CFFC84B2D1B81F700C8F272 = {
						CreatedOnToolsVersion = 15.3;
					};
				};
			};
			buildConfigurationList = 0CFFC8472D1B81F700C8F272 /* Build configuration list for PBXProject "Goals" */;
			compatibilityVersion = "Xcode 14.0";
			developmentRegion = en;
			hasScannedForEncodings = 0;
			knownRegions = (
				en,
				Base,
			);
			mainGroup = 0CFFC8432D1B81F700C8F272;
			productRefGroup = 0CFFC84D2D1B81F700C8F272 /* Products */;
			projectDirPath = "";
			projectRoot = "";
			targets = (
				0CFFC84B2D1B81F700C8F272 /* Goals */,
				0C5792C52D48414F00DB774D /* GoalsApp */,
			);
		};
/* End PBXProject section */

/* Begin PBXResourcesBuildPhase section */
		0C5792C42D48414F00DB774D /* Resources */ = {
			isa = PBXResourcesBuildPhase;
			buildActionMask = 2147483647;
			files = (
			);
			runOnlyForDeploymentPostprocessing = 0;
		};
		0CFFC84A2D1B81F700C8F272 /* Resources */ = {
			isa = PBXResourcesBuildPhase;
			buildActionMask = 2147483647;
			files = (
				0CFFC8592D1B81FB00C8F272 /* Preview Assets.xcassets in Resources */,
				0CFFC8562D1B81FB00C8F272 /* Assets.xcassets in Resources */,
			);
			runOnlyForDeploymentPostprocessing = 0;
		};
/* End PBXResourcesBuildPhase section */

/* Begin PBXSourcesBuildPhase section */
		0C5792C22D48414F00DB774D /* Sources */ = {
			isa = PBXSourcesBuildPhase;
			buildActionMask = 2147483647;
			files = (
			);
			runOnlyForDeploymentPostprocessing = 0;
		};
		0CFFC8482D1B81F700C8F272 /* Sources */ = {
			isa = PBXSourcesBuildPhase;
			buildActionMask = 2147483647;
			files = (
				0CBEFF222D45A5AF00AB1028 /* GoalDetailView.swift in Sources */,
				0C8485D52D8652BF003B1D34 /* EditJournalEntryView.swift in Sources */,
				0CBEFF242D45A5F200AB1028 /* AddGoalForm.swift in Sources */,
				0C5792E52D4DA93400DB774D /* AddHabitForm.swift in Sources */,
				0C8485E62D94EF65003B1D34 /* CalendarSectionView.swift in Sources */,
				0C8485E72D94EF65003B1D34 /* JournalEntriesListView.swift in Sources */,
				0C8485E82D94EF65003B1D34 /* StatisticsSectionView.swift in Sources */,
				0C5792E12D4DA68800DB774D /* HabitsListView.swift in Sources */,
				0C5792D72D4D9F3A00DB774D /* EditGoalForm.swift in Sources */,
				0C8485DB2D8659B3003B1D34 /* FilterMenu.swift in Sources */,
				0C5792E02D4DA68800DB774D /* EditHabitForm.swift in Sources */,
				0C97179F2DBBEBF30072B569 /* YearGridView.swift in Sources */,
				0C5792E32D4DA68800DB774D /* HabitDetailView.swift in Sources */,
				0C5792E22D4DA68800DB774D /* Habit.swift in Sources */,
				0C97179A2DBBE70D0072B569 /* StatisticsDetailView.swift in Sources */,
				0C97179B2DBBE70D0072B569 /* StatisticsListView.swift in Sources */,
				0C5792E72D4FDEBB00DB774D /* JournalEntry.swift in Sources */,
				0C8485EB2D94F00C003B1D34 /* WeekGridView.swift in Sources */,
				0C8485EC2D94F00C003B1D34 /* CalendarGridView.swift in Sources */,
				0CBEFF262D45A62900AB1028 /* CalendarView.swift in Sources */,
				0CBEFF1E2D45A4B600AB1028 /* CalendarViewModel.swift in Sources */,
				0CFFC8522D1B81F700C8F272 /* ContentView.swift in Sources */,
				0C9717A22DBC41E60072B569 /* GoalHabitRelation.swift in Sources */,
				0C5792D92D4DA08700DB774D /* Goal.swift in Sources */,
				0C8485D32D8650CC003B1D34 /* DayView.swift in Sources */,
				0CBEFF202D45A55E00AB1028 /* GoalsListView.swift in Sources */,
				0CFFC8542D1B81F700C8F272 /* Item.swift in Sources */,
				0C10A3712D46AFD7001C50B8 /* AddJournalEntry.swift in Sources */,
				0CFFC8502D1B81F700C8F272 /* GoalsApp.swift in Sources */,
			);
			runOnlyForDeploymentPostprocessing = 0;
		};
/* End PBXSourcesBuildPhase section */

/* Begin XCBuildConfiguration section */
		0C5792D32D48415000DB774D /* Debug */ = {
			isa = XCBuildConfiguration;
			buildSettings = {
				ASSETCATALOG_COMPILER_APPICON_NAME = AppIcon;
				ASSETCATALOG_COMPILER_GLOBAL_ACCENT_COLOR_NAME = AccentColor;
				CODE_SIGN_STYLE = Automatic;
				CURRENT_PROJECT_VERSION = 1;
				DEVELOPMENT_ASSET_PATHS = "\"GoalsApp/Preview Content\"";
				DEVELOPMENT_TEAM = D6ZV87S8MX;
				ENABLE_PREVIEWS = YES;
				GENERATE_INFOPLIST_FILE = YES;
				INFOPLIST_KEY_UIApplicationSceneManifest_Generation = YES;
				INFOPLIST_KEY_UIApplicationSupportsIndirectInputEvents = YES;
				INFOPLIST_KEY_UILaunchScreen_Generation = YES;
				INFOPLIST_KEY_UISupportedInterfaceOrientations_iPad = "UIInterfaceOrientationPortrait UIInterfaceOrientationPortraitUpsideDown UIInterfaceOrientationLandscapeLeft UIInterfaceOrientationLandscapeRight";
				INFOPLIST_KEY_UISupportedInterfaceOrientations_iPhone = "UIInterfaceOrientationPortrait UIInterfaceOrientationLandscapeLeft UIInterfaceOrientationLandscapeRight";
				LD_RUNPATH_SEARCH_PATHS = (
					"$(inherited)",
					"@executable_path/Frameworks",
				);
				MARKETING_VERSION = 1.0;
				PRODUCT_BUNDLE_IDENTIFIER = jdf.GoalsApp;
				PRODUCT_NAME = "$(TARGET_NAME)";
				SWIFT_EMIT_LOC_STRINGS = YES;
				SWIFT_VERSION = 5.0;
				TARGETED_DEVICE_FAMILY = "1,2";
			};
			name = Debug;
		};
		0C5792D42D48415000DB774D /* Release */ = {
			isa = XCBuildConfiguration;
			buildSettings = {
				ASSETCATALOG_COMPILER_APPICON_NAME = AppIcon;
				ASSETCATALOG_COMPILER_GLOBAL_ACCENT_COLOR_NAME = AccentColor;
				CODE_SIGN_STYLE = Automatic;
				CURRENT_PROJECT_VERSION = 1;
				DEVELOPMENT_ASSET_PATHS = "\"GoalsApp/Preview Content\"";
				DEVELOPMENT_TEAM = D6ZV87S8MX;
				ENABLE_PREVIEWS = YES;
				GENERATE_INFOPLIST_FILE = YES;
				INFOPLIST_KEY_UIApplicationSceneManifest_Generation = YES;
				INFOPLIST_KEY_UIApplicationSupportsIndirectInputEvents = YES;
				INFOPLIST_KEY_UILaunchScreen_Generation = YES;
				INFOPLIST_KEY_UISupportedInterfaceOrientations_iPad = "UIInterfaceOrientationPortrait UIInterfaceOrientationPortraitUpsideDown UIInterfaceOrientationLandscapeLeft UIInterfaceOrientationLandscapeRight";
				INFOPLIST_KEY_UISupportedInterfaceOrientations_iPhone = "UIInterfaceOrientationPortrait UIInterfaceOrientationLandscapeLeft UIInterfaceOrientationLandscapeRight";
				LD_RUNPATH_SEARCH_PATHS = (
					"$(inherited)",
					"@executable_path/Frameworks",
				);
				MARKETING_VERSION = 1.0;
				PRODUCT_BUNDLE_IDENTIFIER = jdf.GoalsApp;
				PRODUCT_NAME = "$(TARGET_NAME)";
				SWIFT_EMIT_LOC_STRINGS = YES;
				SWIFT_VERSION = 5.0;
				TARGETED_DEVICE_FAMILY = "1,2";
			};
			name = Release;
		};
		0CFFC85A2D1B81FB00C8F272 /* Debug */ = {
			isa = XCBuildConfiguration;
			buildSettings = {
				ALWAYS_SEARCH_USER_PATHS = NO;
				ASSETCATALOG_COMPILER_GENERATE_SWIFT_ASSET_SYMBOL_EXTENSIONS = YES;
				CLANG_ANALYZER_NONNULL = YES;
				CLANG_ANALYZER_NUMBER_OBJECT_CONVERSION = YES_AGGRESSIVE;
				CLANG_CXX_LANGUAGE_STANDARD = "gnu++20";
				CLANG_ENABLE_MODULES = YES;
				CLANG_ENABLE_OBJC_ARC = YES;
				CLANG_ENABLE_OBJC_WEAK = YES;
				CLANG_WARN_BLOCK_CAPTURE_AUTORELEASING = YES;
				CLANG_WARN_BOOL_CONVERSION = YES;
				CLANG_WARN_COMMA = YES;
				CLANG_WARN_CONSTANT_CONVERSION = YES;
				CLANG_WARN_DEPRECATED_OBJC_IMPLEMENTATIONS = YES;
				CLANG_WARN_DIRECT_OBJC_ISA_USAGE = YES_ERROR;
				CLANG_WARN_DOCUMENTATION_COMMENTS = YES;
				CLANG_WARN_EMPTY_BODY = YES;
				CLANG_WARN_ENUM_CONVERSION = YES;
				CLANG_WARN_INFINITE_RECURSION = YES;
				CLANG_WARN_INT_CONVERSION = YES;
				CLANG_WARN_NON_LITERAL_NULL_CONVERSION = YES;
				CLANG_WARN_OBJC_IMPLICIT_RETAIN_SELF = YES;
				CLANG_WARN_OBJC_LITERAL_CONVERSION = YES;
				CLANG_WARN_OBJC_ROOT_CLASS = YES_ERROR;
				CLANG_WARN_QUOTED_INCLUDE_IN_FRAMEWORK_HEADER = YES;
				CLANG_WARN_RANGE_LOOP_ANALYSIS = YES;
				CLANG_WARN_STRICT_PROTOTYPES = YES;
				CLANG_WARN_SUSPICIOUS_MOVE = YES;
				CLANG_WARN_UNGUARDED_AVAILABILITY = YES_AGGRESSIVE;
				CLANG_WARN_UNREACHABLE_CODE = YES;
				CLANG_WARN__DUPLICATE_METHOD_MATCH = YES;
				COPY_PHASE_STRIP = NO;
				DEBUG_INFORMATION_FORMAT = dwarf;
				ENABLE_STRICT_OBJC_MSGSEND = YES;
				ENABLE_TESTABILITY = YES;
				ENABLE_USER_SCRIPT_SANDBOXING = YES;
				GCC_C_LANGUAGE_STANDARD = gnu17;
				GCC_DYNAMIC_NO_PIC = NO;
				GCC_NO_COMMON_BLOCKS = YES;
				GCC_OPTIMIZATION_LEVEL = 0;
				GCC_PREPROCESSOR_DEFINITIONS = (
					"DEBUG=1",
					"$(inherited)",
				);
				GCC_WARN_64_TO_32_BIT_CONVERSION = YES;
				GCC_WARN_ABOUT_RETURN_TYPE = YES_ERROR;
				GCC_WARN_UNDECLARED_SELECTOR = YES;
				GCC_WARN_UNINITIALIZED_AUTOS = YES_AGGRESSIVE;
				GCC_WARN_UNUSED_FUNCTION = YES;
				GCC_WARN_UNUSED_VARIABLE = YES;
				IPHONEOS_DEPLOYMENT_TARGET = 17.4;
				LOCALIZATION_PREFERS_STRING_CATALOGS = YES;
				MTL_ENABLE_DEBUG_INFO = INCLUDE_SOURCE;
				MTL_FAST_MATH = YES;
				ONLY_ACTIVE_ARCH = YES;
				SDKROOT = iphoneos;
				SWIFT_ACTIVE_COMPILATION_CONDITIONS = "DEBUG $(inherited)";
				SWIFT_OPTIMIZATION_LEVEL = "-Onone";
			};
			name = Debug;
		};
		0CFFC85B2D1B81FB00C8F272 /* Release */ = {
			isa = XCBuildConfiguration;
			buildSettings = {
				ALWAYS_SEARCH_USER_PATHS = NO;
				ASSETCATALOG_COMPILER_GENERATE_SWIFT_ASSET_SYMBOL_EXTENSIONS = YES;
				CLANG_ANALYZER_NONNULL = YES;
				CLANG_ANALYZER_NUMBER_OBJECT_CONVERSION = YES_AGGRESSIVE;
				CLANG_CXX_LANGUAGE_STANDARD = "gnu++20";
				CLANG_ENABLE_MODULES = YES;
				CLANG_ENABLE_OBJC_ARC = YES;
				CLANG_ENABLE_OBJC_WEAK = YES;
				CLANG_WARN_BLOCK_CAPTURE_AUTORELEASING = YES;
				CLANG_WARN_BOOL_CONVERSION = YES;
				CLANG_WARN_COMMA = YES;
				CLANG_WARN_CONSTANT_CONVERSION = YES;
				CLANG_WARN_DEPRECATED_OBJC_IMPLEMENTATIONS = YES;
				CLANG_WARN_DIRECT_OBJC_ISA_USAGE = YES_ERROR;
				CLANG_WARN_DOCUMENTATION_COMMENTS = YES;
				CLANG_WARN_EMPTY_BODY = YES;
				CLANG_WARN_ENUM_CONVERSION = YES;
				CLANG_WARN_INFINITE_RECURSION = YES;
				CLANG_WARN_INT_CONVERSION = YES;
				CLANG_WARN_NON_LITERAL_NULL_CONVERSION = YES;
				CLANG_WARN_OBJC_IMPLICIT_RETAIN_SELF = YES;
				CLANG_WARN_OBJC_LITERAL_CONVERSION = YES;
				CLANG_WARN_OBJC_ROOT_CLASS = YES_ERROR;
				CLANG_WARN_QUOTED_INCLUDE_IN_FRAMEWORK_HEADER = YES;
				CLANG_WARN_RANGE_LOOP_ANALYSIS = YES;
				CLANG_WARN_STRICT_PROTOTYPES = YES;
				CLANG_WARN_SUSPICIOUS_MOVE = YES;
				CLANG_WARN_UNGUARDED_AVAILABILITY = YES_AGGRESSIVE;
				CLANG_WARN_UNREACHABLE_CODE = YES;
				CLANG_WARN__DUPLICATE_METHOD_MATCH = YES;
				COPY_PHASE_STRIP = NO;
				DEBUG_INFORMATION_FORMAT = "dwarf-with-dsym";
				ENABLE_NS_ASSERTIONS = NO;
				ENABLE_STRICT_OBJC_MSGSEND = YES;
				ENABLE_USER_SCRIPT_SANDBOXING = YES;
				GCC_C_LANGUAGE_STANDARD = gnu17;
				GCC_NO_COMMON_BLOCKS = YES;
				GCC_WARN_64_TO_32_BIT_CONVERSION = YES;
				GCC_WARN_ABOUT_RETURN_TYPE = YES_ERROR;
				GCC_WARN_UNDECLARED_SELECTOR = YES;
				GCC_WARN_UNINITIALIZED_AUTOS = YES_AGGRESSIVE;
				GCC_WARN_UNUSED_FUNCTION = YES;
				GCC_WARN_UNUSED_VARIABLE = YES;
				IPHONEOS_DEPLOYMENT_TARGET = 17.4;
				LOCALIZATION_PREFERS_STRING_CATALOGS = YES;
				MTL_ENABLE_DEBUG_INFO = NO;
				MTL_FAST_MATH = YES;
				SDKROOT = iphoneos;
				SWIFT_COMPILATION_MODE = wholemodule;
				VALIDATE_PRODUCT = YES;
			};
			name = Release;
		};
		0CFFC85D2D1B81FB00C8F272 /* Debug */ = {
			isa = XCBuildConfiguration;
			buildSettings = {
				ASSETCATALOG_COMPILER_APPICON_NAME = AppIcon;
				ASSETCATALOG_COMPILER_GLOBAL_ACCENT_COLOR_NAME = AccentColor;
				CODE_SIGN_STYLE = Automatic;
				CURRENT_PROJECT_VERSION = 1;
				DEVELOPMENT_ASSET_PATHS = "\"Goals/Preview Content\"";
				DEVELOPMENT_TEAM = D6ZV87S8MX;
				ENABLE_PREVIEWS = YES;
				GENERATE_INFOPLIST_FILE = YES;
				INFOPLIST_KEY_UIApplicationSceneManifest_Generation = YES;
				INFOPLIST_KEY_UIApplicationSupportsIndirectInputEvents = YES;
				INFOPLIST_KEY_UILaunchScreen_Generation = YES;
				INFOPLIST_KEY_UISupportedInterfaceOrientations_iPad = "UIInterfaceOrientationPortrait UIInterfaceOrientationPortraitUpsideDown UIInterfaceOrientationLandscapeLeft UIInterfaceOrientationLandscapeRight";
				INFOPLIST_KEY_UISupportedInterfaceOrientations_iPhone = "UIInterfaceOrientationPortrait UIInterfaceOrientationLandscapeLeft UIInterfaceOrientationLandscapeRight";
				LD_RUNPATH_SEARCH_PATHS = (
					"$(inherited)",
					"@executable_path/Frameworks",
				);
				MARKETING_VERSION = 1.0;
				PRODUCT_BUNDLE_IDENTIFIER = jdf.Goals;
				PRODUCT_NAME = "$(TARGET_NAME)";
				SWIFT_EMIT_LOC_STRINGS = YES;
				SWIFT_VERSION = 5.0;
				TARGETED_DEVICE_FAMILY = "1,2";
			};
			name = Debug;
		};
		0CFFC85E2D1B81FB00C8F272 /* Release */ = {
			isa = XCBuildConfiguration;
			buildSettings = {
				ASSETCATALOG_COMPILER_APPICON_NAME = AppIcon;
				ASSETCATALOG_COMPILER_GLOBAL_ACCENT_COLOR_NAME = AccentColor;
				CODE_SIGN_STYLE = Automatic;
				CURRENT_PROJECT_VERSION = 1;
				DEVELOPMENT_ASSET_PATHS = "\"Goals/Preview Content\"";
				DEVELOPMENT_TEAM = D6ZV87S8MX;
				ENABLE_PREVIEWS = YES;
				GENERATE_INFOPLIST_FILE = YES;
				INFOPLIST_KEY_UIApplicationSceneManifest_Generation = YES;
				INFOPLIST_KEY_UIApplicationSupportsIndirectInputEvents = YES;
				INFOPLIST_KEY_UILaunchScreen_Generation = YES;
				INFOPLIST_KEY_UISupportedInterfaceOrientations_iPad = "UIInterfaceOrientationPortrait UIInterfaceOrientationPortraitUpsideDown UIInterfaceOrientationLandscapeLeft UIInterfaceOrientationLandscapeRight";
				INFOPLIST_KEY_UISupportedInterfaceOrientations_iPhone = "UIInterfaceOrientationPortrait UIInterfaceOrientationLandscapeLeft UIInterfaceOrientationLandscapeRight";
				LD_RUNPATH_SEARCH_PATHS = (
					"$(inherited)",
					"@executable_path/Frameworks",
				);
				MARKETING_VERSION = 1.0;
				PRODUCT_BUNDLE_IDENTIFIER = jdf.Goals;
				PRODUCT_NAME = "$(TARGET_NAME)";
				SWIFT_EMIT_LOC_STRINGS = YES;
				SWIFT_VERSION = 5.0;
				TARGETED_DEVICE_FAMILY = "1,2";
			};
			name = Release;
		};
/* End XCBuildConfiguration section */

/* Begin XCConfigurationList section */
		0C5792D52D48415000DB774D /* Build configuration list for PBXNativeTarget "GoalsApp" */ = {
			isa = XCConfigurationList;
			buildConfigurations = (
				0C5792D32D48415000DB774D /* Debug */,
				0C5792D42D48415000DB774D /* Release */,
			);
			defaultConfigurationIsVisible = 0;
			defaultConfigurationName = Release;
		};
		0CFFC8472D1B81F700C8F272 /* Build configuration list for PBXProject "Goals" */ = {
			isa = XCConfigurationList;
			buildConfigurations = (
				0CFFC85A2D1B81FB00C8F272 /* Debug */,
				0CFFC85B2D1B81FB00C8F272 /* Release */,
			);
			defaultConfigurationIsVisible = 0;
			defaultConfigurationName = Release;
		};
		0CFFC85C2D1B81FB00C8F272 /* Build configuration list for PBXNativeTarget "Goals" */ = {
			isa = XCConfigurationList;
			buildConfigurations = (
				0CFFC85D2D1B81FB00C8F272 /* Debug */,
				0CFFC85E2D1B81FB00C8F272 /* Release */,
			);
			defaultConfigurationIsVisible = 0;
			defaultConfigurationName = Release;
		};
/* End XCConfigurationList section */
	};
	rootObject = 0CFFC8442D1B81F700C8F272 /* Project object */;
}
